
Microsoft Visual Studio Solution File, Format Version 12.00
# Visual Studio Version 17
VisualStudioVersion = 17.7.34031.279
MinimumVisualStudioVersion = 10.0.40219.1
Project("{FAE04EC0-301F-11D3-BF4B-00C04F79EFBC}") = "TableReservationApplication", "TableReservationApplication\TableReservationApplication.csproj", "{6949075F-70AC-4A6B-8331-EAF43ADBFD65}"
EndProject
Global
	GlobalSection(SolutionConfigurationPlatforms) = preSolution
		Debug|Any CPU = Debug|Any CPU
		Release|Any CPU = Release|Any CPU
	EndGlobalSection
	GlobalSection(ProjectConfigurationPlatforms) = postSolution
		{6949075F-70AC-4A6B-8331-EAF43ADBFD65}.Debug|Any CPU.ActiveCfg = Debug|Any CPU
		{6949075F-70AC-4A6B-8331-EAF43ADBFD65}.Debug|Any CPU.Build.0 = Debug|Any CPU
		{6949075F-70AC-4A6B-8331-EAF43ADBFD65}.Release|Any CPU.ActiveCfg = Release|Any CPU
		{6949075F-70AC-4A6B-8331-EAF43ADBFD65}.Release|Any CPU.Build.0 = Release|Any CPU
	EndGlobalSection
	GlobalSection(SolutionProperties) = preSolution
		HideSolutionNode = FALSE
	EndGlobalSection
	GlobalSection(ExtensibilityGlobals) = postSolution
		SolutionGuid = {E94AFEC2-C1D2-4260-8355-CAE7E5E7FA58}
	EndGlobalSection
EndGlobal
